{
  "name": "NLP",
  "lockfileVersion": 3,
  "requires": true,
  "packages": {
    "": {
      "dependencies": {
        "stopword": "^3.1.5"
      }
    },
    "node_modules/stopword": {
      "version": "3.1.5",
      "resolved": "https://registry.npmjs.org/stopword/-/stopword-3.1.5.tgz",
      "integrity": "sha512-OgLYGVFCNa430WOrj9tYZhQge5yg6vd6JsKredveAqEhdLVQkfrpnQIGjx0L9lLqzL4Kq4J8yNTcfQR/MpBwhg==",
      "license": "MIT"
    }
  }
}
